
Microsoft Visual Studio Solution File, Format Version 12.00
# Visual Studio 15
VisualStudioVersion = 15.0.28010.2016
MinimumVisualStudioVersion = 10.0.40219.1
Project("{FAE04EC0-301F-11D3-BF4B-00C04F79EFBC}") = "SportStore.Domain", "SportStore.Domain\SportStore.Domain.csproj", "{7FDCAEFF-181E-4778-BCF2-A0B0F39FFC4B}"
EndProject
Project("{FAE04EC0-301F-11D3-BF4B-00C04F79EFBC}") = "SportStore.WebUI", "SportStore.WebUI\SportStore.WebUI.csproj", "{05A1DBC6-4E49-4F82-A68A-D25B0E441777}"
EndProject
Global
	GlobalSection(SolutionConfigurationPlatforms) = preSolution
		Debug|Any CPU = Debug|Any CPU
		Release|Any CPU = Release|Any CPU
	EndGlobalSection
	GlobalSection(ProjectConfigurationPlatforms) = postSolution
		{7FDCAEFF-181E-4778-BCF2-A0B0F39FFC4B}.Debug|Any CPU.ActiveCfg = Debug|Any CPU
		{7FDCAEFF-181E-4778-BCF2-A0B0F39FFC4B}.Debug|Any CPU.Build.0 = Debug|Any CPU
		{7FDCAEFF-181E-4778-BCF2-A0B0F39FFC4B}.Release|Any CPU.ActiveCfg = Release|Any CPU
		{7FDCAEFF-181E-4778-BCF2-A0B0F39FFC4B}.Release|Any CPU.Build.0 = Release|Any CPU
		{05A1DBC6-4E49-4F82-A68A-D25B0E441777}.Debug|Any CPU.ActiveCfg = Debug|Any CPU
		{05A1DBC6-4E49-4F82-A68A-D25B0E441777}.Debug|Any CPU.Build.0 = Debug|Any CPU
		{05A1DBC6-4E49-4F82-A68A-D25B0E441777}.Release|Any CPU.ActiveCfg = Release|Any CPU
		{05A1DBC6-4E49-4F82-A68A-D25B0E441777}.Release|Any CPU.Build.0 = Release|Any CPU
	EndGlobalSection
	GlobalSection(SolutionProperties) = preSolution
		HideSolutionNode = FALSE
	EndGlobalSection
	GlobalSection(ExtensibilityGlobals) = postSolution
		SolutionGuid = {2E8F0785-EF73-4B4D-83F9-3DD53238BDD2}
	EndGlobalSection
EndGlobal
